
Microsoft Visual Studio Solution File, Format Version 12.00
# Visual Studio Version 16
VisualStudioVersion = 16.0.32901.82
MinimumVisualStudioVersion = 10.0.40219.1
Project("{FAE04EC0-301F-11D3-BF4B-00C04F79EFBC}") = "PeakMuscles", "PeakMuscles\PeakMuscles.csproj", "{7250BD2D-7626-4A39-9FCE-B8031B0049CD}"
EndProject
Global
	GlobalSection(SolutionConfigurationPlatforms) = preSolution
		Debug|Any CPU = Debug|Any CPU
		Release|Any CPU = Release|Any CPU
	EndGlobalSection
	GlobalSection(ProjectConfigurationPlatforms) = postSolution
		{7250BD2D-7626-4A39-9FCE-B8031B0049CD}.Debug|Any CPU.ActiveCfg = Debug|Any CPU
		{7250BD2D-7626-4A39-9FCE-B8031B0049CD}.Debug|Any CPU.Build.0 = Debug|Any CPU
		{7250BD2D-7626-4A39-9FCE-B8031B0049CD}.Release|Any CPU.ActiveCfg = Release|Any CPU
		{7250BD2D-7626-4A39-9FCE-B8031B0049CD}.Release|Any CPU.Build.0 = Release|Any CPU
	EndGlobalSection
	GlobalSection(SolutionProperties) = preSolution
		HideSolutionNode = FALSE
	EndGlobalSection
	GlobalSection(ExtensibilityGlobals) = postSolution
		SolutionGuid = {91C74C17-BF58-4854-BA54-65079CB6E218}
	EndGlobalSection
EndGlobal
